
Microsoft Visual Studio Solution File, Format Version 12.00
# Visual Studio 15
VisualStudioVersion = 15.0.28307.902
MinimumVisualStudioVersion = 10.0.40219.1
Project("{FAE04EC0-301F-11D3-BF4B-00C04F79EFBC}") = "BanHang", "BanHang\BanHang.csproj", "{B6F532EA-0CBD-498A-A5BD-72BB738F38EC}"
EndProject
Project("{FAE04EC0-301F-11D3-BF4B-00C04F79EFBC}") = "Model", "Model\Model.csproj", "{F2DD75BD-08C1-466C-90B1-616697D3AB4C}"
EndProject
Global
	GlobalSection(SolutionConfigurationPlatforms) = preSolution
		Debug|Any CPU = Debug|Any CPU
		Release|Any CPU = Release|Any CPU
	EndGlobalSection
	GlobalSection(ProjectConfigurationPlatforms) = postSolution
		{B6F532EA-0CBD-498A-A5BD-72BB738F38EC}.Debug|Any CPU.ActiveCfg = Debug|Any CPU
		{B6F532EA-0CBD-498A-A5BD-72BB738F38EC}.Debug|Any CPU.Build.0 = Debug|Any CPU
		{B6F532EA-0CBD-498A-A5BD-72BB738F38EC}.Release|Any CPU.ActiveCfg = Release|Any CPU
		{B6F532EA-0CBD-498A-A5BD-72BB738F38EC}.Release|Any CPU.Build.0 = Release|Any CPU
		{F2DD75BD-08C1-466C-90B1-616697D3AB4C}.Debug|Any CPU.ActiveCfg = Debug|Any CPU
		{F2DD75BD-08C1-466C-90B1-616697D3AB4C}.Debug|Any CPU.Build.0 = Debug|Any CPU
		{F2DD75BD-08C1-466C-90B1-616697D3AB4C}.Release|Any CPU.ActiveCfg = Release|Any CPU
		{F2DD75BD-08C1-466C-90B1-616697D3AB4C}.Release|Any CPU.Build.0 = Release|Any CPU
	EndGlobalSection
	GlobalSection(SolutionProperties) = preSolution
		HideSolutionNode = FALSE
	EndGlobalSection
	GlobalSection(ExtensibilityGlobals) = postSolution
		SolutionGuid = {50853892-CDD7-43D0-9478-4918D30C9AD7}
	EndGlobalSection
EndGlobal
